
Microsoft Visual Studio Solution File, Format Version 12.00
# Visual Studio 15
VisualStudioVersion = 15.0.27428.2043
MinimumVisualStudioVersion = 10.0.40219.1
Project("{FAE04EC0-301F-11D3-BF4B-00C04F79EFBC}") = "PacmanForm", "PacmanForm\PacmanForm.csproj", "{8B3A0AA3-6099-4B0C-BE21-734B4FFB312B}"
EndProject
Global
	GlobalSection(SolutionConfigurationPlatforms) = preSolution
		Debug|Any CPU = Debug|Any CPU
		Release|Any CPU = Release|Any CPU
	EndGlobalSection
	GlobalSection(ProjectConfigurationPlatforms) = postSolution
		{8B3A0AA3-6099-4B0C-BE21-734B4FFB312B}.Debug|Any CPU.ActiveCfg = Debug|Any CPU
		{8B3A0AA3-6099-4B0C-BE21-734B4FFB312B}.Debug|Any CPU.Build.0 = Debug|Any CPU
		{8B3A0AA3-6099-4B0C-BE21-734B4FFB312B}.Release|Any CPU.ActiveCfg = Release|Any CPU
		{8B3A0AA3-6099-4B0C-BE21-734B4FFB312B}.Release|Any CPU.Build.0 = Release|Any CPU
	EndGlobalSection
	GlobalSection(SolutionProperties) = preSolution
		HideSolutionNode = FALSE
	EndGlobalSection
	GlobalSection(ExtensibilityGlobals) = postSolution
		SolutionGuid = {EC9B8D5A-D348-44DA-857D-1829B6044920}
	EndGlobalSection
EndGlobal
